
Microsoft Visual Studio Solution File, Format Version 12.00
# Visual Studio Version 17
VisualStudioVersion = 17.6.33815.320
MinimumVisualStudioVersion = 10.0.40219.1
Project("{FAE04EC0-301F-11D3-BF4B-00C04F79EFBC}") = "RotaApiArge", "RotaApiArge\RotaApiArge.csproj", "{CE3392CD-2966-4BE2-B2F7-F2AC0D0F8EE4}"
EndProject
Global
	GlobalSection(SolutionConfigurationPlatforms) = preSolution
		Debug|Any CPU = Debug|Any CPU
		Release|Any CPU = Release|Any CPU
	EndGlobalSection
	GlobalSection(ProjectConfigurationPlatforms) = postSolution
		{CE3392CD-2966-4BE2-B2F7-F2AC0D0F8EE4}.Debug|Any CPU.ActiveCfg = Debug|Any CPU
		{CE3392CD-2966-4BE2-B2F7-F2AC0D0F8EE4}.Debug|Any CPU.Build.0 = Debug|Any CPU
		{CE3392CD-2966-4BE2-B2F7-F2AC0D0F8EE4}.Release|Any CPU.ActiveCfg = Release|Any CPU
		{CE3392CD-2966-4BE2-B2F7-F2AC0D0F8EE4}.Release|Any CPU.Build.0 = Release|Any CPU
	EndGlobalSection
	GlobalSection(SolutionProperties) = preSolution
		HideSolutionNode = FALSE
	EndGlobalSection
	GlobalSection(ExtensibilityGlobals) = postSolution
		SolutionGuid = {650E29D6-B2A3-48CD-934A-A0A4AC190CC1}
	EndGlobalSection
EndGlobal
